github.com/brikkel/k8s-api-spec v0.0.0-20240108135410-0bb882b45e5f h1:8PCwCDSbbxsu9AI+cpqgAJUDzM3RWX/61MnK0FGI7tA=
github.com/brikkel/k8s-api-spec v0.0.0-20240108135410-0bb882b45e5f/go.mod h1:c9eKcKiuXuM2PAj/D/G89YQriPaAyEVy5sQLyGqTp5o=
github.com/go-chi/chi/v5 v5.0.8 h1:lD+NLqFcAi1ovnVZpsnObHGW4xb4J8lNmoYVfECH1Y0=
github.com/go-chi/chi/v5 v5.0.8/go.mod h1:DslCQbL2OYiznFReuXYUmQ2hGd1aDpCnlMNITLSKoi8=
